<?xml version="1.0" encoding="utf-8"?>
<Project ToolsVersion="4.0" xmlns="http://schemas.microsoft.com/developer/msbuild/2003">
  <ItemGroup>
    <ClCompile Include="main.cpp" />
    <ClCompile Include="PacketManager.cpp" />
    <ClCompile Include="DBAgent.cpp" />
    <ClCompile Include="SpinLock.cpp" />
    <ClCompile Include="DoubleBuffer.cpp" />
    <ClCompile Include="DoubleBufferManager.cpp" />
  </ItemGroup>
  <ItemGroup>
    <ClInclude Include="Packet.h" />
    <ClInclude Include="User.h" />
    <ClInclude Include="UserManager.h" />
    <ClInclude Include="SessionServer.h" />
    <ClInclude Include="ErrorCode.h" />
    <ClInclude Include="PacketManager.h" />
    <ClInclude Include="ServerNetwork\ClientInfo.h">
      <Filter>ServerNetwork</Filter>
    </ClInclude>
    <ClInclude Include="ServerNetwork\Define.h">
      <Filter>ServerNetwork</Filter>
    </ClInclude>
    <ClInclude Include="ServerNetwork\IOCPServer.h">
      <Filter>ServerNetwork</Filter>
    </ClInclude>
    <ClInclude Include="DBAgent.h" />
    <ClInclude Include="SpinLock.h" />
    <ClInclude Include="DoubleBuffer.h" />
    <ClInclude Include="DoubleBufferManager.h" />
  </ItemGroup>
  <ItemGroup>
    <Filter Include="ServerNetwork">
      <UniqueIdentifier>{1fc0f584-76ea-4096-9ebc-805fceb35389}</UniqueIdentifier>
    </Filter>
  </ItemGroup>
  <ItemGroup>
    <None Include="cpp.hint" />
  </ItemGroup>
</Project>